// !$*UTF8*$!
{
	archiveVersion = 1;
	classes = {
	};
	objectVersion = 53;
	objects = {

/* Begin PBXBuildFile section */
		24267EED246F7E370033D93E /* AppDelegate.swift in Sources */ = {isa = PBXBuildFile; fileRef = 24267EEC246F7E370033D93E /* AppDelegate.swift */; };
		24267EF1246F7E3A0033D93E /* Assets.xcassets in Resources */ = {isa = PBXBuildFile; fileRef = 24267EF0246F7E3A0033D93E /* Assets.xcassets */; };
		24267EF4246F7E3A0033D93E /* Preview Assets.xcassets in Resources */ = {isa = PBXBuildFile; fileRef = 24267EF3246F7E3A0033D93E /* Preview Assets.xcassets */; };
		24267EF7246F7E3A0033D93E /* Main.storyboard in Resources */ = {isa = PBXBuildFile; fileRef = 24267EF5246F7E3A0033D93E /* Main.storyboard */; };
		24267F00246F80420033D93E /* StatusBarItem.swift in Sources */ = {isa = PBXBuildFile; fileRef = 24267EFF246F80420033D93E /* StatusBarItem.swift */; };
		24267F03246F9A9A0033D93E /* ClientBridge.swift in Sources */ = {isa = PBXBuildFile; fileRef = 24267F02246F9A9A0033D93E /* ClientBridge.swift */; };
		2491CC322470709200BE100F /* BookmarkManager.swift in Sources */ = {isa = PBXBuildFile; fileRef = 2491CC312470709200BE100F /* BookmarkManager.swift */; };
		2491CC342470BB3200BE100F /* FriendManager.swift in Sources */ = {isa = PBXBuildFile; fileRef = 2491CC332470BB3200BE100F /* FriendManager.swift */; };
		2491CC362470DF7B00BE100F /* LockfileObserver.swift in Sources */ = {isa = PBXBuildFile; fileRef = 2491CC352470DF7B00BE100F /* LockfileObserver.swift */; };
/* End PBXBuildFile section */

/* Begin PBXFileReference section */
		24267EE9246F7E370033D93E /* League Friend Notifier.app */ = {isa = PBXFileReference; explicitFileType = wrapper.application; includeInIndex = 0; path = "League Friend Notifier.app"; sourceTree = BUILT_PRODUCTS_DIR; };
		24267EEC246F7E370033D93E /* AppDelegate.swift */ = {isa = PBXFileReference; lastKnownFileType = sourcecode.swift; path = AppDelegate.swift; sourceTree = "<group>"; };
		24267EF0246F7E3A0033D93E /* Assets.xcassets */ = {isa = PBXFileReference; lastKnownFileType = folder.assetcatalog; path = Assets.xcassets; sourceTree = "<group>"; };
		24267EF3246F7E3A0033D93E /* Preview Assets.xcassets */ = {isa = PBXFileReference; lastKnownFileType = folder.assetcatalog; path = "Preview Assets.xcassets"; sourceTree = "<group>"; };
		24267EF6246F7E3A0033D93E /* Base */ = {isa = PBXFileReference; lastKnownFileType = file.storyboard; name = Base; path = Base.lproj/Main.storyboard; sourceTree = "<group>"; };
		24267EF8246F7E3A0033D93E /* Info.plist */ = {isa = PBXFileReference; lastKnownFileType = text.plist.xml; path = Info.plist; sourceTree = "<group>"; };
		24267EF9246F7E3A0033D93E /* macOS.entitlements */ = {isa = PBXFileReference; lastKnownFileType = text.plist.entitlements; path = macOS.entitlements; sourceTree = "<group>"; };
		24267EFF246F80420033D93E /* StatusBarItem.swift */ = {isa = PBXFileReference; lastKnownFileType = sourcecode.swift; path = StatusBarItem.swift; sourceTree = "<group>"; };
		24267F02246F9A9A0033D93E /* ClientBridge.swift */ = {isa = PBXFileReference; lastKnownFileType = sourcecode.swift; path = ClientBridge.swift; sourceTree = "<group>"; };
		2491CC312470709200BE100F /* BookmarkManager.swift */ = {isa = PBXFileReference; lastKnownFileType = sourcecode.swift; path = BookmarkManager.swift; sourceTree = "<group>"; };
		2491CC332470BB3200BE100F /* FriendManager.swift */ = {isa = PBXFileReference; lastKnownFileType = sourcecode.swift; path = FriendManager.swift; sourceTree = "<group>"; };
		2491CC352470DF7B00BE100F /* LockfileObserver.swift */ = {isa = PBXFileReference; lastKnownFileType = sourcecode.swift; path = LockfileObserver.swift; sourceTree = "<group>"; };
/* End PBXFileReference section */

/* Begin PBXFrameworksBuildPhase section */
		24267EE6246F7E370033D93E /* Frameworks */ = {
			isa = PBXFrameworksBuildPhase;
			buildActionMask = 2147483647;
			files = (
			);
			runOnlyForDeploymentPostprocessing = 0;
		};
/* End PBXFrameworksBuildPhase section */

/* Begin PBXGroup section */
		24267EE0246F7E370033D93E = {
			isa = PBXGroup;
			children = (
				24267F01246F9A820033D93E /* Models */,
				24267EEB246F7E370033D93E /* macOS */,
				24267EEA246F7E370033D93E /* Products */,
			);
			sourceTree = "<group>";
		};
		24267EEA246F7E370033D93E /* Products */ = {
			isa = PBXGroup;
			children = (
				24267EE9246F7E370033D93E /* League Friend Notifier.app */,
			);
			name = Products;
			sourceTree = "<group>";
		};
		24267EEB246F7E370033D93E /* macOS */ = {
			isa = PBXGroup;
			children = (
				24267EEC246F7E370033D93E /* AppDelegate.swift */,
				24267EFF246F80420033D93E /* StatusBarItem.swift */,
				24267EF0246F7E3A0033D93E /* Assets.xcassets */,
				24267EF5246F7E3A0033D93E /* Main.storyboard */,
				24267EF8246F7E3A0033D93E /* Info.plist */,
				24267EF9246F7E3A0033D93E /* macOS.entitlements */,
				24267EF2246F7E3A0033D93E /* Preview Content */,
			);
			path = macOS;
			sourceTree = "<group>";
		};
		24267EF2246F7E3A0033D93E /* Preview Content */ = {
			isa = PBXGroup;
			children = (
				24267EF3246F7E3A0033D93E /* Preview Assets.xcassets */,
			);
			path = "Preview Content";
			sourceTree = "<group>";
		};
		24267F01246F9A820033D93E /* Models */ = {
			isa = PBXGroup;
			children = (
				24267F02246F9A9A0033D93E /* ClientBridge.swift */,
				2491CC312470709200BE100F /* BookmarkManager.swift */,
				2491CC332470BB3200BE100F /* FriendManager.swift */,
				2491CC352470DF7B00BE100F /* LockfileObserver.swift */,
			);
			path = Models;
			sourceTree = "<group>";
		};
/* End PBXGroup section */

/* Begin PBXNativeTarget section */
		24267EE8246F7E370033D93E /* League Friend Notifier */ = {
			isa = PBXNativeTarget;
			buildConfigurationList = 24267EFC246F7E3A0033D93E /* Build configuration list for PBXNativeTarget "League Friend Notifier" */;
			buildPhases = (
				24267EE5246F7E370033D93E /* Sources */,
				24267EE6246F7E370033D93E /* Frameworks */,
				24267EE7246F7E370033D93E /* Resources */,
			);
			buildRules = (
			);
			dependencies = (
			);
			name = "League Friend Notifier";
			productName = "league-friend-notifier";
			productReference = 24267EE9246F7E370033D93E /* League Friend Notifier.app */;
			productType = "com.apple.product-type.application";
		};
/* End PBXNativeTarget section */

/* Begin PBXProject section */
		24267EE1246F7E370033D93E /* Project object */ = {
			isa = PBXProject;
			attributes = {
				LastSwiftUpdateCheck = 1140;
				LastUpgradeCheck = 1140;
				ORGANIZATIONNAME = "Kyle Coburn";
				TargetAttributes = {
					24267EE8246F7E370033D93E = {
						CreatedOnToolsVersion = 11.4.1;
					};
				};
			};
			buildConfigurationList = 24267EE4246F7E370033D93E /* Build configuration list for PBXProject "League Friend Notifier" */;
			compatibilityVersion = "Xcode 11.4";
			developmentRegion = en;
			hasScannedForEncodings = 0;
			knownRegions = (
				en,
				Base,
			);
			mainGroup = 24267EE0246F7E370033D93E;
			productRefGroup = 24267EEA246F7E370033D93E /* Products */;
			projectDirPath = "";
			projectRoot = "";
			targets = (
				24267EE8246F7E370033D93E /* League Friend Notifier */,
			);
		};
/* End PBXProject section */

/* Begin PBXResourcesBuildPhase section */
		24267EE7246F7E370033D93E /* Resources */ = {
			isa = PBXResourcesBuildPhase;
			buildActionMask = 2147483647;
			files = (
				24267EF7246F7E3A0033D93E /* Main.storyboard in Resources */,
				24267EF4246F7E3A0033D93E /* Preview Assets.xcassets in Resources */,
				24267EF1246F7E3A0033D93E /* Assets.xcassets in Resources */,
			);
			runOnlyForDeploymentPostprocessing = 0;
		};
/* End PBXResourcesBuildPhase section */

/* Begin PBXSourcesBuildPhase section */
		24267EE5246F7E370033D93E /* Sources */ = {
			isa = PBXSourcesBuildPhase;
			buildActionMask = 2147483647;
			files = (
				2491CC362470DF7B00BE100F /* LockfileObserver.swift in Sources */,
				24267F00246F80420033D93E /* StatusBarItem.swift in Sources */,
				2491CC322470709200BE100F /* BookmarkManager.swift in Sources */,
				2491CC342470BB3200BE100F /* FriendManager.swift in Sources */,
				24267F03246F9A9A0033D93E /* ClientBridge.swift in Sources */,
				24267EED246F7E370033D93E /* AppDelegate.swift in Sources */,
			);
			runOnlyForDeploymentPostprocessing = 0;
		};
/* End PBXSourcesBuildPhase section */

/* Begin PBXVariantGroup section */
		24267EF5246F7E3A0033D93E /* Main.storyboard */ = {
			isa = PBXVariantGroup;
			children = (
				24267EF6246F7E3A0033D93E /* Base */,
			);
			name = Main.storyboard;
			sourceTree = "<group>";
		};
/* End PBXVariantGroup section */

/* Begin XCBuildConfiguration section */
		24267EFA246F7E3A0033D93E /* Debug */ = {
			isa = XCBuildConfiguration;
			buildSettings = {
				ALWAYS_SEARCH_USER_PATHS = NO;
				CLANG_ANALYZER_NONNULL = YES;
				CLANG_ANALYZER_NUMBER_OBJECT_CONVERSION = YES_AGGRESSIVE;
				CLANG_CXX_LANGUAGE_STANDARD = "gnu++14";
				CLANG_CXX_LIBRARY = "libc++";
				CLANG_ENABLE_MODULES = YES;
				CLANG_ENABLE_OBJC_ARC = YES;
				CLANG_ENABLE_OBJC_WEAK = YES;
				CLANG_WARN_BLOCK_CAPTURE_AUTORELEASING = YES;
				CLANG_WARN_BOOL_CONVERSION = YES;
				CLANG_WARN_COMMA = YES;
				CLANG_WARN_CONSTANT_CONVERSION = YES;
				CLANG_WARN_DEPRECATED_OBJC_IMPLEMENTATIONS = YES;
				CLANG_WARN_DIRECT_OBJC_ISA_USAGE = YES_ERROR;
				CLANG_WARN_DOCUMENTATION_COMMENTS = YES;
				CLANG_WARN_EMPTY_BODY = YES;
				CLANG_WARN_ENUM_CONVERSION = YES;
				CLANG_WARN_INFINITE_RECURSION = YES;
				CLANG_WARN_INT_CONVERSION = YES;
				CLANG_WARN_NON_LITERAL_NULL_CONVERSION = YES;
				CLANG_WARN_OBJC_IMPLICIT_RETAIN_SELF = YES;
				CLANG_WARN_OBJC_LITERAL_CONVERSION = YES;
				CLANG_WARN_OBJC_ROOT_CLASS = YES_ERROR;
				CLANG_WARN_RANGE_LOOP_ANALYSIS = YES;
				CLANG_WARN_STRICT_PROTOTYPES = YES;
				CLANG_WARN_SUSPICIOUS_MOVE = YES;
				CLANG_WARN_UNGUARDED_AVAILABILITY = YES_AGGRESSIVE;
				CLANG_WARN_UNREACHABLE_CODE = YES;
				CLANG_WARN__DUPLICATE_METHOD_MATCH = YES;
				COPY_PHASE_STRIP = NO;
				DEBUG_INFORMATION_FORMAT = dwarf;
				ENABLE_STRICT_OBJC_MSGSEND = YES;
				ENABLE_TESTABILITY = YES;
				GCC_C_LANGUAGE_STANDARD = gnu11;
				GCC_DYNAMIC_NO_PIC = NO;
				GCC_NO_COMMON_BLOCKS = YES;
				GCC_OPTIMIZATION_LEVEL = 0;
				GCC_PREPROCESSOR_DEFINITIONS = (
					"DEBUG=1",
					"$(inherited)",
				);
				GCC_WARN_64_TO_32_BIT_CONVERSION = YES;
				GCC_WARN_ABOUT_RETURN_TYPE = YES_ERROR;
				GCC_WARN_UNDECLARED_SELECTOR = YES;
				GCC_WARN_UNINITIALIZED_AUTOS = YES_AGGRESSIVE;
				GCC_WARN_UNUSED_FUNCTION = YES;
				GCC_WARN_UNUSED_VARIABLE = YES;
				MACOSX_DEPLOYMENT_TARGET = 10.15;
				MTL_ENABLE_DEBUG_INFO = INCLUDE_SOURCE;
				MTL_FAST_MATH = YES;
				ONLY_ACTIVE_ARCH = YES;
				SDKROOT = macosx;
				SWIFT_ACTIVE_COMPILATION_CONDITIONS = DEBUG;
				SWIFT_OPTIMIZATION_LEVEL = "-Onone";
			};
			name = Debug;
		};
		24267EFB246F7E3A0033D93E /* Release */ = {
			isa = XCBuildConfiguration;
			buildSettings = {
				ALWAYS_SEARCH_USER_PATHS = NO;
				CLANG_ANALYZER_NONNULL = YES;
				CLANG_ANALYZER_NUMBER_OBJECT_CONVERSION = YES_AGGRESSIVE;
				CLANG_CXX_LANGUAGE_STANDARD = "gnu++14";
				CLANG_CXX_LIBRARY = "libc++";
				CLANG_ENABLE_MODULES = YES;
				CLANG_ENABLE_OBJC_ARC = YES;
				CLANG_ENABLE_OBJC_WEAK = YES;
				CLANG_WARN_BLOCK_CAPTURE_AUTORELEASING = YES;
				CLANG_WARN_BOOL_CONVERSION = YES;
				CLANG_WARN_COMMA = YES;
				CLANG_WARN_CONSTANT_CONVERSION = YES;
				CLANG_WARN_DEPRECATED_OBJC_IMPLEMENTATIONS = YES;
				CLANG_WARN_DIRECT_OBJC_ISA_USAGE = YES_ERROR;
				CLANG_WARN_DOCUMENTATION_COMMENTS = YES;
				CLANG_WARN_EMPTY_BODY = YES;
				CLANG_WARN_ENUM_CONVERSION = YES;
				CLANG_WARN_INFINITE_RECURSION = YES;
				CLANG_WARN_INT_CONVERSION = YES;
				CLANG_WARN_NON_LITERAL_NULL_CONVERSION = YES;
				CLANG_WARN_OBJC_IMPLICIT_RETAIN_SELF = YES;
				CLANG_WARN_OBJC_LITERAL_CONVERSION = YES;
				CLANG_WARN_OBJC_ROOT_CLASS = YES_ERROR;
				CLANG_WARN_RANGE_LOOP_ANALYSIS = YES;
				CLANG_WARN_STRICT_PROTOTYPES = YES;
				CLANG_WARN_SUSPICIOUS_MOVE = YES;
				CLANG_WARN_UNGUARDED_AVAILABILITY = YES_AGGRESSIVE;
				CLANG_WARN_UNREACHABLE_CODE = YES;
				CLANG_WARN__DUPLICATE_METHOD_MATCH = YES;
				COPY_PHASE_STRIP = NO;
				DEBUG_INFORMATION_FORMAT = "dwarf-with-dsym";
				ENABLE_NS_ASSERTIONS = NO;
				ENABLE_STRICT_OBJC_MSGSEND = YES;
				GCC_C_LANGUAGE_STANDARD = gnu11;
				GCC_NO_COMMON_BLOCKS = YES;
				GCC_WARN_64_TO_32_BIT_CONVERSION = YES;
				GCC_WARN_ABOUT_RETURN_TYPE = YES_ERROR;
				GCC_WARN_UNDECLARED_SELECTOR = YES;
				GCC_WARN_UNINITIALIZED_AUTOS = YES_AGGRESSIVE;
				GCC_WARN_UNUSED_FUNCTION = YES;
				GCC_WARN_UNUSED_VARIABLE = YES;
				MACOSX_DEPLOYMENT_TARGET = 10.15;
				MTL_ENABLE_DEBUG_INFO = NO;
				MTL_FAST_MATH = YES;
				SDKROOT = macosx;
				SWIFT_COMPILATION_MODE = wholemodule;
				SWIFT_OPTIMIZATION_LEVEL = "-O";
			};
			name = Release;
		};
		24267EFD246F7E3A0033D93E /* Debug */ = {
			isa = XCBuildConfiguration;
			buildSettings = {
				ASSETCATALOG_COMPILER_APPICON_NAME = AppIcon;
				CODE_SIGN_ENTITLEMENTS = macOS/macOS.entitlements;
				CODE_SIGN_STYLE = Automatic;
				COMBINE_HIDPI_IMAGES = YES;
				DEVELOPMENT_ASSET_PATHS = "\"macOS/Preview Content\"";
				ENABLE_HARDENED_RUNTIME = YES;
				ENABLE_PREVIEWS = YES;
				INFOPLIST_FILE = macOS/Info.plist;
				LD_RUNPATH_SEARCH_PATHS = (
					"$(inherited)",
					"@executable_path/../Frameworks",
				);
				MACOSX_DEPLOYMENT_TARGET = 10.15;
				PRODUCT_BUNDLE_IDENTIFIER = "is.ky.league-friend-notifier";
				PRODUCT_NAME = "$(TARGET_NAME)";
				SWIFT_VERSION = 5.0;
			};
			name = Debug;
		};
		24267EFE246F7E3A0033D93E /* Release */ = {
			isa = XCBuildConfiguration;
			buildSettings = {
				ASSETCATALOG_COMPILER_APPICON_NAME = AppIcon;
				CODE_SIGN_ENTITLEMENTS = macOS/macOS.entitlements;
				CODE_SIGN_STYLE = Automatic;
				COMBINE_HIDPI_IMAGES = YES;
				DEVELOPMENT_ASSET_PATHS = "\"macOS/Preview Content\"";
				ENABLE_HARDENED_RUNTIME = YES;
				ENABLE_PREVIEWS = YES;
				INFOPLIST_FILE = macOS/Info.plist;
				LD_RUNPATH_SEARCH_PATHS = (
					"$(inherited)",
					"@executable_path/../Frameworks",
				);
				MACOSX_DEPLOYMENT_TARGET = 10.15;
				PRODUCT_BUNDLE_IDENTIFIER = "is.ky.league-friend-notifier";
				PRODUCT_NAME = "$(TARGET_NAME)";
				SWIFT_VERSION = 5.0;
			};
			name = Release;
		};
/* End XCBuildConfiguration section */

/* Begin XCConfigurationList section */
		24267EE4246F7E370033D93E /* Build configuration list for PBXProject "League Friend Notifier" */ = {
			isa = XCConfigurationList;
			buildConfigurations = (
				24267EFA246F7E3A0033D93E /* Debug */,
				24267EFB246F7E3A0033D93E /* Release */,
			);
			defaultConfigurationIsVisible = 0;
			defaultConfigurationName = Release;
		};
		24267EFC246F7E3A0033D93E /* Build configuration list for PBXNativeTarget "League Friend Notifier" */ = {
			isa = XCConfigurationList;
			buildConfigurations = (
				24267EFD246F7E3A0033D93E /* Debug */,
				24267EFE246F7E3A0033D93E /* Release */,
			);
			defaultConfigurationIsVisible = 0;
			defaultConfigurationName = Release;
		};
/* End XCConfigurationList section */
	};
	rootObject = 24267EE1246F7E370033D93E /* Project object */;
}
